
Microsoft Visual Studio Solution File, Format Version 12.00
# Visual Studio Version 16
VisualStudioVersion = 16.0.31005.135
MinimumVisualStudioVersion = 10.0.40219.1
Project("{8BC9CEB8-8B4A-11D0-8D11-00A0C91BC942}") = "labis1", "labis1\labis1.vcxproj", "{D20C83AE-1552-4CCD-8C39-0B08FDA08ACA}"
EndProject
Global
	GlobalSection(SolutionConfigurationPlatforms) = preSolution
		Debug|x64 = Debug|x64
		Debug|x86 = Debug|x86
		Release|x64 = Release|x64
		Release|x86 = Release|x86
	EndGlobalSection
	GlobalSection(ProjectConfigurationPlatforms) = postSolution
		{D20C83AE-1552-4CCD-8C39-0B08FDA08ACA}.Debug|x64.ActiveCfg = Debug|x64
		{D20C83AE-1552-4CCD-8C39-0B08FDA08ACA}.Debug|x64.Build.0 = Debug|x64
		{D20C83AE-1552-4CCD-8C39-0B08FDA08ACA}.Debug|x86.ActiveCfg = Debug|Win32
		{D20C83AE-1552-4CCD-8C39-0B08FDA08ACA}.Debug|x86.Build.0 = Debug|Win32
		{D20C83AE-1552-4CCD-8C39-0B08FDA08ACA}.Release|x64.ActiveCfg = Release|x64
		{D20C83AE-1552-4CCD-8C39-0B08FDA08ACA}.Release|x64.Build.0 = Release|x64
		{D20C83AE-1552-4CCD-8C39-0B08FDA08ACA}.Release|x86.ActiveCfg = Release|Win32
		{D20C83AE-1552-4CCD-8C39-0B08FDA08ACA}.Release|x86.Build.0 = Release|Win32
	EndGlobalSection
	GlobalSection(SolutionProperties) = preSolution
		HideSolutionNode = FALSE
	EndGlobalSection
	GlobalSection(ExtensibilityGlobals) = postSolution
		SolutionGuid = {FDD9FAFC-B640-4A44-91F3-3DA67F6E3388}
	EndGlobalSection
EndGlobal
