
Microsoft Visual Studio Solution File, Format Version 12.00
# Visual Studio Version 16
VisualStudioVersion = 16.0.31005.135
MinimumVisualStudioVersion = 10.0.40219.1
Project("{8BC9CEB8-8B4A-11D0-8D11-00A0C91BC942}") = "Labi2", "Labi2\Labi2.vcxproj", "{E890CDF7-57A7-467B-93C1-B808F268827E}"
EndProject
Global
	GlobalSection(SolutionConfigurationPlatforms) = preSolution
		Debug|x64 = Debug|x64
		Debug|x86 = Debug|x86
		Release|x64 = Release|x64
		Release|x86 = Release|x86
	EndGlobalSection
	GlobalSection(ProjectConfigurationPlatforms) = postSolution
		{E890CDF7-57A7-467B-93C1-B808F268827E}.Debug|x64.ActiveCfg = Debug|x64
		{E890CDF7-57A7-467B-93C1-B808F268827E}.Debug|x64.Build.0 = Debug|x64
		{E890CDF7-57A7-467B-93C1-B808F268827E}.Debug|x86.ActiveCfg = Debug|Win32
		{E890CDF7-57A7-467B-93C1-B808F268827E}.Debug|x86.Build.0 = Debug|Win32
		{E890CDF7-57A7-467B-93C1-B808F268827E}.Release|x64.ActiveCfg = Release|x64
		{E890CDF7-57A7-467B-93C1-B808F268827E}.Release|x64.Build.0 = Release|x64
		{E890CDF7-57A7-467B-93C1-B808F268827E}.Release|x86.ActiveCfg = Release|Win32
		{E890CDF7-57A7-467B-93C1-B808F268827E}.Release|x86.Build.0 = Release|Win32
	EndGlobalSection
	GlobalSection(SolutionProperties) = preSolution
		HideSolutionNode = FALSE
	EndGlobalSection
	GlobalSection(ExtensibilityGlobals) = postSolution
		SolutionGuid = {7FA73EC1-B80E-4AF2-ACC0-38A57DA0F4CC}
	EndGlobalSection
EndGlobal
